
Microsoft Visual Studio Solution File, Format Version 12.00
Project("{FAE04EC0-301F-11D3-BF4B-00C04F79EFBC}") = "PasswordManager", "PasswordManager\PasswordManager.csproj", "{6CACC99B-E5DE-42CB-A54C-DCCB62983182}"
EndProject
Global
	GlobalSection(SolutionConfigurationPlatforms) = preSolution
		Debug|Any CPU = Debug|Any CPU
		Release|Any CPU = Release|Any CPU
	EndGlobalSection
	GlobalSection(ProjectConfigurationPlatforms) = postSolution
		{6CACC99B-E5DE-42CB-A54C-DCCB62983182}.Debug|Any CPU.ActiveCfg = Debug|Any CPU
		{6CACC99B-E5DE-42CB-A54C-DCCB62983182}.Debug|Any CPU.Build.0 = Debug|Any CPU
		{6CACC99B-E5DE-42CB-A54C-DCCB62983182}.Release|Any CPU.ActiveCfg = Release|Any CPU
		{6CACC99B-E5DE-42CB-A54C-DCCB62983182}.Release|Any CPU.Build.0 = Release|Any CPU
	EndGlobalSection
EndGlobal
